
Microsoft Visual Studio Solution File, Format Version 12.00
# Visual Studio 15
VisualStudioVersion = 15.0.28307.271
MinimumVisualStudioVersion = 10.0.40219.1
Project("{FAE04EC0-301F-11D3-BF4B-00C04F79EFBC}") = "Skeleta", "Skeleta\Skeleta.csproj", "{3D71F27F-7699-41F7-842C-782E76B9B1CA}"
EndProject
Global
	GlobalSection(SolutionConfigurationPlatforms) = preSolution
		Debug|Any CPU = Debug|Any CPU
		Release|Any CPU = Release|Any CPU
	EndGlobalSection
	GlobalSection(ProjectConfigurationPlatforms) = postSolution
		{3D71F27F-7699-41F7-842C-782E76B9B1CA}.Debug|Any CPU.ActiveCfg = Debug|Any CPU
		{3D71F27F-7699-41F7-842C-782E76B9B1CA}.Debug|Any CPU.Build.0 = Debug|Any CPU
		{3D71F27F-7699-41F7-842C-782E76B9B1CA}.Release|Any CPU.ActiveCfg = Release|Any CPU
		{3D71F27F-7699-41F7-842C-782E76B9B1CA}.Release|Any CPU.Build.0 = Release|Any CPU
	EndGlobalSection
	GlobalSection(SolutionProperties) = preSolution
		HideSolutionNode = FALSE
	EndGlobalSection
	GlobalSection(ExtensibilityGlobals) = postSolution
		SolutionGuid = {D315ED86-00B8-4741-8E92-A311F8483E65}
	EndGlobalSection
EndGlobal
